
Microsoft Visual Studio Solution File, Format Version 12.00
# Visual Studio Version 16
VisualStudioVersion = 16.0.31702.278
MinimumVisualStudioVersion = 10.0.40219.1
Project("{FAE04EC0-301F-11D3-BF4B-00C04F79EFBC}") = "WindowsFormsApp3", "WindowsFormsApp3.csproj", "{7537AA7C-4D7E-415A-AA00-0D3471FA0ABB}"
EndProject
Global
	GlobalSection(SolutionConfigurationPlatforms) = preSolution
		Debug|Any CPU = Debug|Any CPU
		Release|Any CPU = Release|Any CPU
	EndGlobalSection
	GlobalSection(ProjectConfigurationPlatforms) = postSolution
		{7537AA7C-4D7E-415A-AA00-0D3471FA0ABB}.Debug|Any CPU.ActiveCfg = Debug|Any CPU
		{7537AA7C-4D7E-415A-AA00-0D3471FA0ABB}.Debug|Any CPU.Build.0 = Debug|Any CPU
		{7537AA7C-4D7E-415A-AA00-0D3471FA0ABB}.Release|Any CPU.ActiveCfg = Release|Any CPU
		{7537AA7C-4D7E-415A-AA00-0D3471FA0ABB}.Release|Any CPU.Build.0 = Release|Any CPU
	EndGlobalSection
	GlobalSection(SolutionProperties) = preSolution
		HideSolutionNode = FALSE
	EndGlobalSection
	GlobalSection(ExtensibilityGlobals) = postSolution
		SolutionGuid = {FF8B4644-AECF-493B-83B0-19965D067E53}
	EndGlobalSection
EndGlobal
